
Microsoft Visual Studio Solution File, Format Version 12.00
# Visual Studio Version 16
VisualStudioVersion = 16.0.29102.190
MinimumVisualStudioVersion = 10.0.40219.1
Project("{9A19103F-16F7-4668-BE54-9A1E7A4F7556}") = "Contoso.BookStore.API", "Contoso.BookStore.API.csproj", "{FF0690D5-21AF-4A08-BB9F-56B20EBAD2A8}"
EndProject
Global
	GlobalSection(SolutionConfigurationPlatforms) = preSolution
		Debug|Any CPU = Debug|Any CPU
		Release|Any CPU = Release|Any CPU
	EndGlobalSection
	GlobalSection(ProjectConfigurationPlatforms) = postSolution
		{FF0690D5-21AF-4A08-BB9F-56B20EBAD2A8}.Debug|Any CPU.ActiveCfg = Debug|Any CPU
		{FF0690D5-21AF-4A08-BB9F-56B20EBAD2A8}.Debug|Any CPU.Build.0 = Debug|Any CPU
		{FF0690D5-21AF-4A08-BB9F-56B20EBAD2A8}.Release|Any CPU.ActiveCfg = Release|Any CPU
		{FF0690D5-21AF-4A08-BB9F-56B20EBAD2A8}.Release|Any CPU.Build.0 = Release|Any CPU
	EndGlobalSection
	GlobalSection(SolutionProperties) = preSolution
		HideSolutionNode = FALSE
	EndGlobalSection
	GlobalSection(ExtensibilityGlobals) = postSolution
		SolutionGuid = {931EB192-1072-4B29-836C-4813B1D7AF89}
	EndGlobalSection
EndGlobal
